
Microsoft Visual Studio Solution File, Format Version 12.00
Project("{FAE04EC0-301F-11D3-BF4B-00C04F79EFBC}") = "Petfolio.API", "Petfolio.API\Petfolio.API.csproj", "{04A62F1A-DE2C-496A-B9CB-84E08354F904}"
EndProject
Project("{FAE04EC0-301F-11D3-BF4B-00C04F79EFBC}") = "Petfolio.Communication", "Petfolio.Communication\Petfolio.Communication.csproj", "{0D8AE73B-2C7F-4FA8-83A0-88B4341D3738}"
EndProject
Project("{FAE04EC0-301F-11D3-BF4B-00C04F79EFBC}") = "Petfolio.Application", "Petfolio.Application\Petfolio.Application.csproj", "{BC851E14-B9CF-4453-820D-E0B7B4C2451E}"
EndProject
Global
	GlobalSection(SolutionConfigurationPlatforms) = preSolution
		Debug|Any CPU = Debug|Any CPU
		Release|Any CPU = Release|Any CPU
	EndGlobalSection
	GlobalSection(ProjectConfigurationPlatforms) = postSolution
		{04A62F1A-DE2C-496A-B9CB-84E08354F904}.Debug|Any CPU.ActiveCfg = Debug|Any CPU
		{04A62F1A-DE2C-496A-B9CB-84E08354F904}.Debug|Any CPU.Build.0 = Debug|Any CPU
		{04A62F1A-DE2C-496A-B9CB-84E08354F904}.Release|Any CPU.ActiveCfg = Release|Any CPU
		{04A62F1A-DE2C-496A-B9CB-84E08354F904}.Release|Any CPU.Build.0 = Release|Any CPU
		{0D8AE73B-2C7F-4FA8-83A0-88B4341D3738}.Debug|Any CPU.ActiveCfg = Debug|Any CPU
		{0D8AE73B-2C7F-4FA8-83A0-88B4341D3738}.Debug|Any CPU.Build.0 = Debug|Any CPU
		{0D8AE73B-2C7F-4FA8-83A0-88B4341D3738}.Release|Any CPU.ActiveCfg = Release|Any CPU
		{0D8AE73B-2C7F-4FA8-83A0-88B4341D3738}.Release|Any CPU.Build.0 = Release|Any CPU
		{BC851E14-B9CF-4453-820D-E0B7B4C2451E}.Debug|Any CPU.ActiveCfg = Debug|Any CPU
		{BC851E14-B9CF-4453-820D-E0B7B4C2451E}.Debug|Any CPU.Build.0 = Debug|Any CPU
		{BC851E14-B9CF-4453-820D-E0B7B4C2451E}.Release|Any CPU.ActiveCfg = Release|Any CPU
		{BC851E14-B9CF-4453-820D-E0B7B4C2451E}.Release|Any CPU.Build.0 = Release|Any CPU
	EndGlobalSection
EndGlobal
